// !$*UTF8*$!
{
	archiveVersion = 1;
	classes = {
	};
	objectVersion = 48;
	objects = {

/* Begin PBXBuildFile section */
		5308990C2245D90C00D74DE0 /* AppDelegate.swift in Sources */ = {isa = PBXBuildFile; fileRef = 5308990B2245D90C00D74DE0 /* AppDelegate.swift */; };
		5308990E2245D90C00D74DE0 /* ViewController.swift in Sources */ = {isa = PBXBuildFile; fileRef = 5308990D2245D90C00D74DE0 /* ViewController.swift */; };
		530899112245D90C00D74DE0 /* Main.storyboard in Resources */ = {isa = PBXBuildFile; fileRef = 5308990F2245D90C00D74DE0 /* Main.storyboard */; };
		530899142245D90D00D74DE0 /* MyNotesApp.xcdatamodeld in Sources */ = {isa = PBXBuildFile; fileRef = 530899122245D90D00D74DE0 /* MyNotesApp.xcdatamodeld */; };
		530899162245D90D00D74DE0 /* Assets.xcassets in Resources */ = {isa = PBXBuildFile; fileRef = 530899152245D90D00D74DE0 /* Assets.xcassets */; };
		530899192245D90D00D74DE0 /* LaunchScreen.storyboard in Resources */ = {isa = PBXBuildFile; fileRef = 530899172245D90D00D74DE0 /* LaunchScreen.storyboard */; };
		AC9DD96A2249B28F00A9C794 /* VCListNotes.swift in Sources */ = {isa = PBXBuildFile; fileRef = AC9DD9692249B28F00A9C794 /* VCListNotes.swift */; };
		AC9DD96C2249C1C900A9C794 /* TVCNotes.swift in Sources */ = {isa = PBXBuildFile; fileRef = AC9DD96B2249C1C900A9C794 /* TVCNotes.swift */; };
/* End PBXBuildFile section */

/* Begin PBXFileReference section */
		530899082245D90C00D74DE0 /* MyNotesApp.app */ = {isa = PBXFileReference; explicitFileType = wrapper.application; includeInIndex = 0; path = MyNotesApp.app; sourceTree = BUILT_PRODUCTS_DIR; };
		5308990B2245D90C00D74DE0 /* AppDelegate.swift */ = {isa = PBXFileReference; lastKnownFileType = sourcecode.swift; path = AppDelegate.swift; sourceTree = "<group>"; };
		5308990D2245D90C00D74DE0 /* ViewController.swift */ = {isa = PBXFileReference; lastKnownFileType = sourcecode.swift; path = ViewController.swift; sourceTree = "<group>"; };
		530899102245D90C00D74DE0 /* Base */ = {isa = PBXFileReference; lastKnownFileType = file.storyboard; name = Base; path = Base.lproj/Main.storyboard; sourceTree = "<group>"; };
		530899132245D90D00D74DE0 /* MyNotesApp.xcdatamodel */ = {isa = PBXFileReference; lastKnownFileType = wrapper.xcdatamodel; path = MyNotesApp.xcdatamodel; sourceTree = "<group>"; };
		530899152245D90D00D74DE0 /* Assets.xcassets */ = {isa = PBXFileReference; lastKnownFileType = folder.assetcatalog; path = Assets.xcassets; sourceTree = "<group>"; };
		530899182245D90D00D74DE0 /* Base */ = {isa = PBXFileReference; lastKnownFileType = file.storyboard; name = Base; path = Base.lproj/LaunchScreen.storyboard; sourceTree = "<group>"; };
		5308991A2245D90D00D74DE0 /* Info.plist */ = {isa = PBXFileReference; lastKnownFileType = text.plist.xml; path = Info.plist; sourceTree = "<group>"; };
		AC9DD9652249B23100A9C794 /* MyNotesApp-Bridging-Header.h */ = {isa = PBXFileReference; lastKnownFileType = sourcecode.c.h; path = "MyNotesApp-Bridging-Header.h"; sourceTree = "<group>"; };
		AC9DD9692249B28F00A9C794 /* VCListNotes.swift */ = {isa = PBXFileReference; lastKnownFileType = sourcecode.swift; path = VCListNotes.swift; sourceTree = "<group>"; };
		AC9DD96B2249C1C900A9C794 /* TVCNotes.swift */ = {isa = PBXFileReference; lastKnownFileType = sourcecode.swift; path = TVCNotes.swift; sourceTree = "<group>"; };
/* End PBXFileReference section */

/* Begin PBXFrameworksBuildPhase section */
		530899052245D90C00D74DE0 /* Frameworks */ = {
			isa = PBXFrameworksBuildPhase;
			buildActionMask = 2147483647;
			files = (
			);
			runOnlyForDeploymentPostprocessing = 0;
		};
/* End PBXFrameworksBuildPhase section */

/* Begin PBXGroup section */
		530898FF2245D90C00D74DE0 = {
			isa = PBXGroup;
			children = (
				5308990A2245D90C00D74DE0 /* MyNotesApp */,
				530899092245D90C00D74DE0 /* Products */,
			);
			sourceTree = "<group>";
		};
		530899092245D90C00D74DE0 /* Products */ = {
			isa = PBXGroup;
			children = (
				530899082245D90C00D74DE0 /* MyNotesApp.app */,
			);
			name = Products;
			sourceTree = "<group>";
		};
		5308990A2245D90C00D74DE0 /* MyNotesApp */ = {
			isa = PBXGroup;
			children = (
				5308990B2245D90C00D74DE0 /* AppDelegate.swift */,
				AC9DD96B2249C1C900A9C794 /* TVCNotes.swift */,
				5308990D2245D90C00D74DE0 /* ViewController.swift */,
				5308990F2245D90C00D74DE0 /* Main.storyboard */,
				AC9DD9692249B28F00A9C794 /* VCListNotes.swift */,
				530899152245D90D00D74DE0 /* Assets.xcassets */,
				530899172245D90D00D74DE0 /* LaunchScreen.storyboard */,
				5308991A2245D90D00D74DE0 /* Info.plist */,
				530899122245D90D00D74DE0 /* MyNotesApp.xcdatamodeld */,
				AC9DD9652249B23100A9C794 /* MyNotesApp-Bridging-Header.h */,
			);
			path = MyNotesApp;
			sourceTree = "<group>";
		};
/* End PBXGroup section */

/* Begin PBXNativeTarget section */
		530899072245D90C00D74DE0 /* MyNotesApp */ = {
			isa = PBXNativeTarget;
			buildConfigurationList = 5308991D2245D90D00D74DE0 /* Build configuration list for PBXNativeTarget "MyNotesApp" */;
			buildPhases = (
				530899042245D90C00D74DE0 /* Sources */,
				530899052245D90C00D74DE0 /* Frameworks */,
				530899062245D90C00D74DE0 /* Resources */,
			);
			buildRules = (
			);
			dependencies = (
			);
			name = MyNotesApp;
			productName = MyNotesApp;
			productReference = 530899082245D90C00D74DE0 /* MyNotesApp.app */;
			productType = "com.apple.product-type.application";
		};
/* End PBXNativeTarget section */

/* Begin PBXProject section */
		530899002245D90C00D74DE0 /* Project object */ = {
			isa = PBXProject;
			attributes = {
				LastSwiftUpdateCheck = 0900;
				LastUpgradeCheck = 1000;
				ORGANIZATIONNAME = usuario;
				TargetAttributes = {
					530899072245D90C00D74DE0 = {
						CreatedOnToolsVersion = 9.0;
						LastSwiftMigration = 1000;
						ProvisioningStyle = Automatic;
					};
				};
			};
			buildConfigurationList = 530899032245D90C00D74DE0 /* Build configuration list for PBXProject "MyNotesApp" */;
			compatibilityVersion = "Xcode 8.0";
			developmentRegion = en;
			hasScannedForEncodings = 0;
			knownRegions = (
				en,
				Base,
			);
			mainGroup = 530898FF2245D90C00D74DE0;
			productRefGroup = 530899092245D90C00D74DE0 /* Products */;
			projectDirPath = "";
			projectRoot = "";
			targets = (
				530899072245D90C00D74DE0 /* MyNotesApp */,
			);
		};
/* End PBXProject section */

/* Begin PBXResourcesBuildPhase section */
		530899062245D90C00D74DE0 /* Resources */ = {
			isa = PBXResourcesBuildPhase;
			buildActionMask = 2147483647;
			files = (
				530899192245D90D00D74DE0 /* LaunchScreen.storyboard in Resources */,
				530899162245D90D00D74DE0 /* Assets.xcassets in Resources */,
				530899112245D90C00D74DE0 /* Main.storyboard in Resources */,
			);
			runOnlyForDeploymentPostprocessing = 0;
		};
/* End PBXResourcesBuildPhase section */

/* Begin PBXSourcesBuildPhase section */
		530899042245D90C00D74DE0 /* Sources */ = {
			isa = PBXSourcesBuildPhase;
			buildActionMask = 2147483647;
			files = (
				5308990E2245D90C00D74DE0 /* ViewController.swift in Sources */,
				530899142245D90D00D74DE0 /* MyNotesApp.xcdatamodeld in Sources */,
				AC9DD96A2249B28F00A9C794 /* VCListNotes.swift in Sources */,
				5308990C2245D90C00D74DE0 /* AppDelegate.swift in Sources */,
				AC9DD96C2249C1C900A9C794 /* TVCNotes.swift in Sources */,
			);
			runOnlyForDeploymentPostprocessing = 0;
		};
/* End PBXSourcesBuildPhase section */

/* Begin PBXVariantGroup section */
		5308990F2245D90C00D74DE0 /* Main.storyboard */ = {
			isa = PBXVariantGroup;
			children = (
				530899102245D90C00D74DE0 /* Base */,
			);
			name = Main.storyboard;
			sourceTree = "<group>";
		};
		530899172245D90D00D74DE0 /* LaunchScreen.storyboard */ = {
			isa = PBXVariantGroup;
			children = (
				530899182245D90D00D74DE0 /* Base */,
			);
			name = LaunchScreen.storyboard;
			sourceTree = "<group>";
		};
/* End PBXVariantGroup section */

/* Begin XCBuildConfiguration section */
		5308991B2245D90D00D74DE0 /* Debug */ = {
			isa = XCBuildConfiguration;
			buildSettings = {
				ALWAYS_SEARCH_USER_PATHS = NO;
				CLANG_ANALYZER_NONNULL = YES;
				CLANG_ANALYZER_NUMBER_OBJECT_CONVERSION = YES_AGGRESSIVE;
				CLANG_CXX_LANGUAGE_STANDARD = "gnu++14";
				CLANG_CXX_LIBRARY = "libc++";
				CLANG_ENABLE_MODULES = YES;
				CLANG_ENABLE_OBJC_ARC = YES;
				CLANG_WARN_BLOCK_CAPTURE_AUTORELEASING = YES;
				CLANG_WARN_BOOL_CONVERSION = YES;
				CLANG_WARN_COMMA = YES;
				CLANG_WARN_CONSTANT_CONVERSION = YES;
				CLANG_WARN_DEPRECATED_OBJC_IMPLEMENTATIONS = YES;
				CLANG_WARN_DIRECT_OBJC_ISA_USAGE = YES_ERROR;
				CLANG_WARN_DOCUMENTATION_COMMENTS = YES;
				CLANG_WARN_EMPTY_BODY = YES;
				CLANG_WARN_ENUM_CONVERSION = YES;
				CLANG_WARN_INFINITE_RECURSION = YES;
				CLANG_WARN_INT_CONVERSION = YES;
				CLANG_WARN_NON_LITERAL_NULL_CONVERSION = YES;
				CLANG_WARN_OBJC_IMPLICIT_RETAIN_SELF = YES;
				CLANG_WARN_OBJC_LITERAL_CONVERSION = YES;
				CLANG_WARN_OBJC_ROOT_CLASS = YES_ERROR;
				CLANG_WARN_RANGE_LOOP_ANALYSIS = YES;
				CLANG_WARN_STRICT_PROTOTYPES = YES;
				CLANG_WARN_SUSPICIOUS_MOVE = YES;
				CLANG_WARN_UNGUARDED_AVAILABILITY = YES_AGGRESSIVE;
				CLANG_WARN_UNREACHABLE_CODE = YES;
				CLANG_WARN__DUPLICATE_METHOD_MATCH = YES;
				CODE_SIGN_IDENTITY = "iPhone Developer";
				COPY_PHASE_STRIP = NO;
				DEBUG_INFORMATION_FORMAT = dwarf;
				ENABLE_STRICT_OBJC_MSGSEND = YES;
				ENABLE_TESTABILITY = YES;
				GCC_C_LANGUAGE_STANDARD = gnu11;
				GCC_DYNAMIC_NO_PIC = NO;
				GCC_NO_COMMON_BLOCKS = YES;
				GCC_OPTIMIZATION_LEVEL = 0;
				GCC_PREPROCESSOR_DEFINITIONS = (
					"DEBUG=1",
					"$(inherited)",
				);
				GCC_WARN_64_TO_32_BIT_CONVERSION = YES;
				GCC_WARN_ABOUT_RETURN_TYPE = YES_ERROR;
				GCC_WARN_UNDECLARED_SELECTOR = YES;
				GCC_WARN_UNINITIALIZED_AUTOS = YES_AGGRESSIVE;
				GCC_WARN_UNUSED_FUNCTION = YES;
				GCC_WARN_UNUSED_VARIABLE = YES;
				IPHONEOS_DEPLOYMENT_TARGET = 11.0;
				MTL_ENABLE_DEBUG_INFO = YES;
				ONLY_ACTIVE_ARCH = YES;
				SDKROOT = iphoneos;
				SWIFT_ACTIVE_COMPILATION_CONDITIONS = DEBUG;
				SWIFT_OPTIMIZATION_LEVEL = "-Onone";
			};
			name = Debug;
		};
		5308991C2245D90D00D74DE0 /* Release */ = {
			isa = XCBuildConfiguration;
			buildSettings = {
				ALWAYS_SEARCH_USER_PATHS = NO;
				CLANG_ANALYZER_NONNULL = YES;
				CLANG_ANALYZER_NUMBER_OBJECT_CONVERSION = YES_AGGRESSIVE;
				CLANG_CXX_LANGUAGE_STANDARD = "gnu++14";
				CLANG_CXX_LIBRARY = "libc++";
				CLANG_ENABLE_MODULES = YES;
				CLANG_ENABLE_OBJC_ARC = YES;
				CLANG_WARN_BLOCK_CAPTURE_AUTORELEASING = YES;
				CLANG_WARN_BOOL_CONVERSION = YES;
				CLANG_WARN_COMMA = YES;
				CLANG_WARN_CONSTANT_CONVERSION = YES;
				CLANG_WARN_DEPRECATED_OBJC_IMPLEMENTATIONS = YES;
				CLANG_WARN_DIRECT_OBJC_ISA_USAGE = YES_ERROR;
				CLANG_WARN_DOCUMENTATION_COMMENTS = YES;
				CLANG_WARN_EMPTY_BODY = YES;
				CLANG_WARN_ENUM_CONVERSION = YES;
				CLANG_WARN_INFINITE_RECURSION = YES;
				CLANG_WARN_INT_CONVERSION = YES;
				CLANG_WARN_NON_LITERAL_NULL_CONVERSION = YES;
				CLANG_WARN_OBJC_IMPLICIT_RETAIN_SELF = YES;
				CLANG_WARN_OBJC_LITERAL_CONVERSION = YES;
				CLANG_WARN_OBJC_ROOT_CLASS = YES_ERROR;
				CLANG_WARN_RANGE_LOOP_ANALYSIS = YES;
				CLANG_WARN_STRICT_PROTOTYPES = YES;
				CLANG_WARN_SUSPICIOUS_MOVE = YES;
				CLANG_WARN_UNGUARDED_AVAILABILITY = YES_AGGRESSIVE;
				CLANG_WARN_UNREACHABLE_CODE = YES;
				CLANG_WARN__DUPLICATE_METHOD_MATCH = YES;
				CODE_SIGN_IDENTITY = "iPhone Developer";
				COPY_PHASE_STRIP = NO;
				DEBUG_INFORMATION_FORMAT = "dwarf-with-dsym";
				ENABLE_NS_ASSERTIONS = NO;
				ENABLE_STRICT_OBJC_MSGSEND = YES;
				GCC_C_LANGUAGE_STANDARD = gnu11;
				GCC_NO_COMMON_BLOCKS = YES;
				GCC_WARN_64_TO_32_BIT_CONVERSION = YES;
				GCC_WARN_ABOUT_RETURN_TYPE = YES_ERROR;
				GCC_WARN_UNDECLARED_SELECTOR = YES;
				GCC_WARN_UNINITIALIZED_AUTOS = YES_AGGRESSIVE;
				GCC_WARN_UNUSED_FUNCTION = YES;
				GCC_WARN_UNUSED_VARIABLE = YES;
				IPHONEOS_DEPLOYMENT_TARGET = 11.0;
				MTL_ENABLE_DEBUG_INFO = NO;
				SDKROOT = iphoneos;
				SWIFT_OPTIMIZATION_LEVEL = "-Owholemodule";
				VALIDATE_PRODUCT = YES;
			};
			name = Release;
		};
		5308991E2245D90D00D74DE0 /* Debug */ = {
			isa = XCBuildConfiguration;
			buildSettings = {
				ASSETCATALOG_COMPILER_APPICON_NAME = AppIcon;
				CLANG_ENABLE_MODULES = YES;
				CODE_SIGN_STYLE = Automatic;
				INFOPLIST_FILE = MyNotesApp/Info.plist;
				LD_RUNPATH_SEARCH_PATHS = "$(inherited) @executable_path/Frameworks";
				PRODUCT_BUNDLE_IDENTIFIER = mx.edu.utng.MyNotesApp;
				PRODUCT_NAME = "$(TARGET_NAME)";
				SWIFT_OBJC_BRIDGING_HEADER = "MyNotesApp/MyNotesApp-Bridging-Header.h";
				SWIFT_OPTIMIZATION_LEVEL = "-Onone";
				SWIFT_VERSION = 4.0;
				TARGETED_DEVICE_FAMILY = "1,2";
			};
			name = Debug;
		};
		5308991F2245D90D00D74DE0 /* Release */ = {
			isa = XCBuildConfiguration;
			buildSettings = {
				ASSETCATALOG_COMPILER_APPICON_NAME = AppIcon;
				CLANG_ENABLE_MODULES = YES;
				CODE_SIGN_STYLE = Automatic;
				INFOPLIST_FILE = MyNotesApp/Info.plist;
				LD_RUNPATH_SEARCH_PATHS = "$(inherited) @executable_path/Frameworks";
				PRODUCT_BUNDLE_IDENTIFIER = mx.edu.utng.MyNotesApp;
				PRODUCT_NAME = "$(TARGET_NAME)";
				SWIFT_OBJC_BRIDGING_HEADER = "MyNotesApp/MyNotesApp-Bridging-Header.h";
				SWIFT_VERSION = 4.0;
				TARGETED_DEVICE_FAMILY = "1,2";
			};
			name = Release;
		};
/* End XCBuildConfiguration section */

/* Begin XCConfigurationList section */
		530899032245D90C00D74DE0 /* Build configuration list for PBXProject "MyNotesApp" */ = {
			isa = XCConfigurationList;
			buildConfigurations = (
				5308991B2245D90D00D74DE0 /* Debug */,
				5308991C2245D90D00D74DE0 /* Release */,
			);
			defaultConfigurationIsVisible = 0;
			defaultConfigurationName = Release;
		};
		5308991D2245D90D00D74DE0 /* Build configuration list for PBXNativeTarget "MyNotesApp" */ = {
			isa = XCConfigurationList;
			buildConfigurations = (
				5308991E2245D90D00D74DE0 /* Debug */,
				5308991F2245D90D00D74DE0 /* Release */,
			);
			defaultConfigurationIsVisible = 0;
			defaultConfigurationName = Release;
		};
/* End XCConfigurationList section */

/* Begin XCVersionGroup section */
		530899122245D90D00D74DE0 /* MyNotesApp.xcdatamodeld */ = {
			isa = XCVersionGroup;
			children = (
				530899132245D90D00D74DE0 /* MyNotesApp.xcdatamodel */,
			);
			currentVersion = 530899132245D90D00D74DE0 /* MyNotesApp.xcdatamodel */;
			path = MyNotesApp.xcdatamodeld;
			sourceTree = "<group>";
			versionGroupType = wrapper.xcdatamodel;
		};
/* End XCVersionGroup section */
	};
	rootObject = 530899002245D90C00D74DE0 /* Project object */;
}
